
Microsoft Visual Studio Solution File, Format Version 12.00
# Visual Studio Version 17
VisualStudioVersion = 17.11.35222.181
MinimumVisualStudioVersion = 10.0.40219.1
Project("{8BC9CEB8-8B4A-11D0-8D11-00A0C91BC942}") = "meet12.02", "meet12.02\meet12.02.vcxproj", "{8B4DD5BA-E9AE-4519-AC6A-6FCACE4CE13A}"
EndProject
Global
	GlobalSection(SolutionConfigurationPlatforms) = preSolution
		Debug|x64 = Debug|x64
		Debug|x86 = Debug|x86
		Release|x64 = Release|x64
		Release|x86 = Release|x86
	EndGlobalSection
	GlobalSection(ProjectConfigurationPlatforms) = postSolution
		{8B4DD5BA-E9AE-4519-AC6A-6FCACE4CE13A}.Debug|x64.ActiveCfg = Debug|x64
		{8B4DD5BA-E9AE-4519-AC6A-6FCACE4CE13A}.Debug|x64.Build.0 = Debug|x64
		{8B4DD5BA-E9AE-4519-AC6A-6FCACE4CE13A}.Debug|x86.ActiveCfg = Debug|Win32
		{8B4DD5BA-E9AE-4519-AC6A-6FCACE4CE13A}.Debug|x86.Build.0 = Debug|Win32
		{8B4DD5BA-E9AE-4519-AC6A-6FCACE4CE13A}.Release|x64.ActiveCfg = Release|x64
		{8B4DD5BA-E9AE-4519-AC6A-6FCACE4CE13A}.Release|x64.Build.0 = Release|x64
		{8B4DD5BA-E9AE-4519-AC6A-6FCACE4CE13A}.Release|x86.ActiveCfg = Release|Win32
		{8B4DD5BA-E9AE-4519-AC6A-6FCACE4CE13A}.Release|x86.Build.0 = Release|Win32
	EndGlobalSection
	GlobalSection(SolutionProperties) = preSolution
		HideSolutionNode = FALSE
	EndGlobalSection
	GlobalSection(ExtensibilityGlobals) = postSolution
		SolutionGuid = {91A666CD-2509-49E0-9025-8834E3001048}
	EndGlobalSection
EndGlobal
